
Microsoft Visual Studio Solution File, Format Version 12.00
# Visual Studio Version 16
VisualStudioVersion = 16.0.28621.142
MinimumVisualStudioVersion = 15.0.26124.0
Project("{9A19103F-16F7-4668-BE54-9A1E7A4F7556}") = "Inventory.Core", "Inventory.Core\Inventory.Core.csproj", "{C1335461-DE98-417D-85D5-4DD0125D86B6}"
EndProject
Project("{9A19103F-16F7-4668-BE54-9A1E7A4F7556}") = "Inventory.Core.Tests", "Inventory.Core.Tests\Inventory.Core.Tests.csproj", "{26055D4F-2AC7-4096-906E-8381915B3477}"
EndProject
Project("{9A19103F-16F7-4668-BE54-9A1E7A4F7556}") = "DDD", "DDD\DDD.csproj", "{3AB789C4-4203-47C2-89F6-F643FD9038AC}"
EndProject
Project("{9A19103F-16F7-4668-BE54-9A1E7A4F7556}") = "DDD.Tests", "DDD.Tests\DDD.Tests.csproj", "{AB6F8836-54BE-4954-8958-A8DC46271D3F}"
EndProject
Project("{9A19103F-16F7-4668-BE54-9A1E7A4F7556}") = "DDD.EventStore", "DDD.EventStore\DDD.EventStore.csproj", "{F6DDF961-28A4-4001-9A65-E129C569C99E}"
EndProject
Project("{9A19103F-16F7-4668-BE54-9A1E7A4F7556}") = "DDD.EventStore.Tests", "DDD.EventStore.Tests\DDD.EventStore.Tests.csproj", "{9D9B525B-2F42-4EC3-89D6-04C024D00EF3}"
EndProject
Project("{9A19103F-16F7-4668-BE54-9A1E7A4F7556}") = "Lab-JsonSerializationOfEvents", "Labs\Lab-JsonSerializationOfEvents\Lab-JsonSerializationOfEvents.csproj", "{49A3EFEB-054A-40D1-96E7-08F28BE3E03C}"
EndProject
Global
	GlobalSection(SolutionConfigurationPlatforms) = preSolution
		Debug|Any CPU = Debug|Any CPU
		Debug|x64 = Debug|x64
		Debug|x86 = Debug|x86
		Release|Any CPU = Release|Any CPU
		Release|x64 = Release|x64
		Release|x86 = Release|x86
	EndGlobalSection
	GlobalSection(ProjectConfigurationPlatforms) = postSolution
		{C1335461-DE98-417D-85D5-4DD0125D86B6}.Debug|Any CPU.ActiveCfg = Debug|Any CPU
		{C1335461-DE98-417D-85D5-4DD0125D86B6}.Debug|Any CPU.Build.0 = Debug|Any CPU
		{C1335461-DE98-417D-85D5-4DD0125D86B6}.Debug|x64.ActiveCfg = Debug|Any CPU
		{C1335461-DE98-417D-85D5-4DD0125D86B6}.Debug|x64.Build.0 = Debug|Any CPU
		{C1335461-DE98-417D-85D5-4DD0125D86B6}.Debug|x86.ActiveCfg = Debug|Any CPU
		{C1335461-DE98-417D-85D5-4DD0125D86B6}.Debug|x86.Build.0 = Debug|Any CPU
		{C1335461-DE98-417D-85D5-4DD0125D86B6}.Release|Any CPU.ActiveCfg = Release|Any CPU
		{C1335461-DE98-417D-85D5-4DD0125D86B6}.Release|Any CPU.Build.0 = Release|Any CPU
		{C1335461-DE98-417D-85D5-4DD0125D86B6}.Release|x64.ActiveCfg = Release|Any CPU
		{C1335461-DE98-417D-85D5-4DD0125D86B6}.Release|x64.Build.0 = Release|Any CPU
		{C1335461-DE98-417D-85D5-4DD0125D86B6}.Release|x86.ActiveCfg = Release|Any CPU
		{C1335461-DE98-417D-85D5-4DD0125D86B6}.Release|x86.Build.0 = Release|Any CPU
		{26055D4F-2AC7-4096-906E-8381915B3477}.Debug|Any CPU.ActiveCfg = Debug|Any CPU
		{26055D4F-2AC7-4096-906E-8381915B3477}.Debug|Any CPU.Build.0 = Debug|Any CPU
		{26055D4F-2AC7-4096-906E-8381915B3477}.Debug|x64.ActiveCfg = Debug|Any CPU
		{26055D4F-2AC7-4096-906E-8381915B3477}.Debug|x64.Build.0 = Debug|Any CPU
		{26055D4F-2AC7-4096-906E-8381915B3477}.Debug|x86.ActiveCfg = Debug|Any CPU
		{26055D4F-2AC7-4096-906E-8381915B3477}.Debug|x86.Build.0 = Debug|Any CPU
		{26055D4F-2AC7-4096-906E-8381915B3477}.Release|Any CPU.ActiveCfg = Release|Any CPU
		{26055D4F-2AC7-4096-906E-8381915B3477}.Release|Any CPU.Build.0 = Release|Any CPU
		{26055D4F-2AC7-4096-906E-8381915B3477}.Release|x64.ActiveCfg = Release|Any CPU
		{26055D4F-2AC7-4096-906E-8381915B3477}.Release|x64.Build.0 = Release|Any CPU
		{26055D4F-2AC7-4096-906E-8381915B3477}.Release|x86.ActiveCfg = Release|Any CPU
		{26055D4F-2AC7-4096-906E-8381915B3477}.Release|x86.Build.0 = Release|Any CPU
		{3AB789C4-4203-47C2-89F6-F643FD9038AC}.Debug|Any CPU.ActiveCfg = Debug|Any CPU
		{3AB789C4-4203-47C2-89F6-F643FD9038AC}.Debug|Any CPU.Build.0 = Debug|Any CPU
		{3AB789C4-4203-47C2-89F6-F643FD9038AC}.Debug|x64.ActiveCfg = Debug|Any CPU
		{3AB789C4-4203-47C2-89F6-F643FD9038AC}.Debug|x64.Build.0 = Debug|Any CPU
		{3AB789C4-4203-47C2-89F6-F643FD9038AC}.Debug|x86.ActiveCfg = Debug|Any CPU
		{3AB789C4-4203-47C2-89F6-F643FD9038AC}.Debug|x86.Build.0 = Debug|Any CPU
		{3AB789C4-4203-47C2-89F6-F643FD9038AC}.Release|Any CPU.ActiveCfg = Release|Any CPU
		{3AB789C4-4203-47C2-89F6-F643FD9038AC}.Release|Any CPU.Build.0 = Release|Any CPU
		{3AB789C4-4203-47C2-89F6-F643FD9038AC}.Release|x64.ActiveCfg = Release|Any CPU
		{3AB789C4-4203-47C2-89F6-F643FD9038AC}.Release|x64.Build.0 = Release|Any CPU
		{3AB789C4-4203-47C2-89F6-F643FD9038AC}.Release|x86.ActiveCfg = Release|Any CPU
		{3AB789C4-4203-47C2-89F6-F643FD9038AC}.Release|x86.Build.0 = Release|Any CPU
		{AB6F8836-54BE-4954-8958-A8DC46271D3F}.Debug|Any CPU.ActiveCfg = Debug|Any CPU
		{AB6F8836-54BE-4954-8958-A8DC46271D3F}.Debug|Any CPU.Build.0 = Debug|Any CPU
		{AB6F8836-54BE-4954-8958-A8DC46271D3F}.Debug|x64.ActiveCfg = Debug|Any CPU
		{AB6F8836-54BE-4954-8958-A8DC46271D3F}.Debug|x64.Build.0 = Debug|Any CPU
		{AB6F8836-54BE-4954-8958-A8DC46271D3F}.Debug|x86.ActiveCfg = Debug|Any CPU
		{AB6F8836-54BE-4954-8958-A8DC46271D3F}.Debug|x86.Build.0 = Debug|Any CPU
		{AB6F8836-54BE-4954-8958-A8DC46271D3F}.Release|Any CPU.ActiveCfg = Release|Any CPU
		{AB6F8836-54BE-4954-8958-A8DC46271D3F}.Release|Any CPU.Build.0 = Release|Any CPU
		{AB6F8836-54BE-4954-8958-A8DC46271D3F}.Release|x64.ActiveCfg = Release|Any CPU
		{AB6F8836-54BE-4954-8958-A8DC46271D3F}.Release|x64.Build.0 = Release|Any CPU
		{AB6F8836-54BE-4954-8958-A8DC46271D3F}.Release|x86.ActiveCfg = Release|Any CPU
		{AB6F8836-54BE-4954-8958-A8DC46271D3F}.Release|x86.Build.0 = Release|Any CPU
		{F6DDF961-28A4-4001-9A65-E129C569C99E}.Debug|Any CPU.ActiveCfg = Debug|Any CPU
		{F6DDF961-28A4-4001-9A65-E129C569C99E}.Debug|Any CPU.Build.0 = Debug|Any CPU
		{F6DDF961-28A4-4001-9A65-E129C569C99E}.Debug|x64.ActiveCfg = Debug|Any CPU
		{F6DDF961-28A4-4001-9A65-E129C569C99E}.Debug|x64.Build.0 = Debug|Any CPU
		{F6DDF961-28A4-4001-9A65-E129C569C99E}.Debug|x86.ActiveCfg = Debug|Any CPU
		{F6DDF961-28A4-4001-9A65-E129C569C99E}.Debug|x86.Build.0 = Debug|Any CPU
		{F6DDF961-28A4-4001-9A65-E129C569C99E}.Release|Any CPU.ActiveCfg = Release|Any CPU
		{F6DDF961-28A4-4001-9A65-E129C569C99E}.Release|Any CPU.Build.0 = Release|Any CPU
		{F6DDF961-28A4-4001-9A65-E129C569C99E}.Release|x64.ActiveCfg = Release|Any CPU
		{F6DDF961-28A4-4001-9A65-E129C569C99E}.Release|x64.Build.0 = Release|Any CPU
		{F6DDF961-28A4-4001-9A65-E129C569C99E}.Release|x86.ActiveCfg = Release|Any CPU
		{F6DDF961-28A4-4001-9A65-E129C569C99E}.Release|x86.Build.0 = Release|Any CPU
		{9D9B525B-2F42-4EC3-89D6-04C024D00EF3}.Debug|Any CPU.ActiveCfg = Debug|Any CPU
		{9D9B525B-2F42-4EC3-89D6-04C024D00EF3}.Debug|Any CPU.Build.0 = Debug|Any CPU
		{9D9B525B-2F42-4EC3-89D6-04C024D00EF3}.Debug|x64.ActiveCfg = Debug|Any CPU
		{9D9B525B-2F42-4EC3-89D6-04C024D00EF3}.Debug|x64.Build.0 = Debug|Any CPU
		{9D9B525B-2F42-4EC3-89D6-04C024D00EF3}.Debug|x86.ActiveCfg = Debug|Any CPU
		{9D9B525B-2F42-4EC3-89D6-04C024D00EF3}.Debug|x86.Build.0 = Debug|Any CPU
		{9D9B525B-2F42-4EC3-89D6-04C024D00EF3}.Release|Any CPU.ActiveCfg = Release|Any CPU
		{9D9B525B-2F42-4EC3-89D6-04C024D00EF3}.Release|Any CPU.Build.0 = Release|Any CPU
		{9D9B525B-2F42-4EC3-89D6-04C024D00EF3}.Release|x64.ActiveCfg = Release|Any CPU
		{9D9B525B-2F42-4EC3-89D6-04C024D00EF3}.Release|x64.Build.0 = Release|Any CPU
		{9D9B525B-2F42-4EC3-89D6-04C024D00EF3}.Release|x86.ActiveCfg = Release|Any CPU
		{9D9B525B-2F42-4EC3-89D6-04C024D00EF3}.Release|x86.Build.0 = Release|Any CPU
		{49A3EFEB-054A-40D1-96E7-08F28BE3E03C}.Debug|Any CPU.ActiveCfg = Debug|Any CPU
		{49A3EFEB-054A-40D1-96E7-08F28BE3E03C}.Debug|Any CPU.Build.0 = Debug|Any CPU
		{49A3EFEB-054A-40D1-96E7-08F28BE3E03C}.Debug|x64.ActiveCfg = Debug|Any CPU
		{49A3EFEB-054A-40D1-96E7-08F28BE3E03C}.Debug|x64.Build.0 = Debug|Any CPU
		{49A3EFEB-054A-40D1-96E7-08F28BE3E03C}.Debug|x86.ActiveCfg = Debug|Any CPU
		{49A3EFEB-054A-40D1-96E7-08F28BE3E03C}.Debug|x86.Build.0 = Debug|Any CPU
		{49A3EFEB-054A-40D1-96E7-08F28BE3E03C}.Release|Any CPU.ActiveCfg = Release|Any CPU
		{49A3EFEB-054A-40D1-96E7-08F28BE3E03C}.Release|Any CPU.Build.0 = Release|Any CPU
		{49A3EFEB-054A-40D1-96E7-08F28BE3E03C}.Release|x64.ActiveCfg = Release|Any CPU
		{49A3EFEB-054A-40D1-96E7-08F28BE3E03C}.Release|x64.Build.0 = Release|Any CPU
		{49A3EFEB-054A-40D1-96E7-08F28BE3E03C}.Release|x86.ActiveCfg = Release|Any CPU
		{49A3EFEB-054A-40D1-96E7-08F28BE3E03C}.Release|x86.Build.0 = Release|Any CPU
	EndGlobalSection
	GlobalSection(SolutionProperties) = preSolution
		HideSolutionNode = FALSE
	EndGlobalSection
	GlobalSection(ExtensibilityGlobals) = postSolution
		SolutionGuid = {805B1F85-BE49-401B-8239-ECD0A90FFF12}
	EndGlobalSection
EndGlobal
